Microsoft Visual Studio Solution File, Format Version 12.00
# Visual Studio 15
VisualStudioVersion = 15.0.28010.2048
MinimumVisualStudioVersion = 10.0.40219.1
Project("{FAE04EC0-301F-11D3-BF4B-00C04F79EFBC}") = "TailwindTraders.Mobile.Android", "TailwindTraders.Mobile.Android\TailwindTraders.Mobile.Android.csproj", "{B19603F2-5EB8-47D2-A27B-44A951A307C2}"
EndProject
Project("{FAE04EC0-301F-11D3-BF4B-00C04F79EFBC}") = "TailwindTraders.Mobile.iOS", "TailwindTraders.Mobile.iOS\TailwindTraders.Mobile.iOS.csproj", "{DA86A0BA-24E7-469B-B247-4F8442A7F0B8}"
EndProject
Project("{9A19103F-16F7-4668-BE54-9A1E7A4F7556}") = "TailwindTraders.Mobile", "TailwindTraders.Mobile\TailwindTraders.Mobile.csproj", "{6F35C169-2AAC-45FF-B51E-BD808C577BCF}"
EndProject
Project("{2150E333-8FDC-42A3-9474-1A3956D46DE8}") = "Solution Items", "Solution Items", "{A17EA915-1330-4F98-8887-9CCF6F879DED}"
	ProjectSection(SolutionItems) = preProject
		NuGet.config = NuGet.config
		CodeAnalysis\CodeAnalysis.ruleset = CodeAnalysis\CodeAnalysis.ruleset
		CodeAnalysis\XamlStylerSettings.json = CodeAnalysis\XamlStylerSettings.json
	EndProjectSection
EndProject
Project("{9A19103F-16F7-4668-BE54-9A1E7A4F7556}") = "UnitTests", "UnitTests\UnitTests.csproj", "{C9DADB2F-D5B6-4F3C-B46B-BA8DFFC0CD3B}"
EndProject
Project("{2150E333-8FDC-42A3-9474-1A3956D46DE8}") = "ThirdParties", "ThirdParties", "{B3202021-50E0-4C40-B974-2FBD117A2586}"
EndProject
Project("{9A19103F-16F7-4668-BE54-9A1E7A4F7556}") = "Emgu.TF.Lite", "ThirdParties\Emgu.TF.Lite\Emgu.TF.Lite.csproj", "{68867B05-B695-4F1E-9E29-0F38FF72899D}"
EndProject
Global
	GlobalSection(SolutionConfigurationPlatforms) = preSolution
		Ad-Hoc|Any CPU = Ad-Hoc|Any CPU
		Ad-Hoc|iPhone = Ad-Hoc|iPhone
		Ad-Hoc|iPhoneSimulator = Ad-Hoc|iPhoneSimulator
		AppStore|Any CPU = AppStore|Any CPU
		AppStore|iPhone = AppStore|iPhone
		AppStore|iPhoneSimulator = AppStore|iPhoneSimulator
		Debug|Any CPU = Debug|Any CPU
		Debug|iPhone = Debug|iPhone
		Debug|iPhoneSimulator = Debug|iPhoneSimulator
		Release|Any CPU = Release|Any CPU
		Release|iPhone = Release|iPhone
		Release|iPhoneSimulator = Release|iPhoneSimulator
	EndGlobalSection
	GlobalSection(ProjectConfigurationPlatforms) = postSolution
		{B19603F2-5EB8-47D2-A27B-44A951A307C2}.Ad-Hoc|Any CPU.ActiveCfg = Release|Any CPU
		{B19603F2-5EB8-47D2-A27B-44A951A307C2}.Ad-Hoc|Any CPU.Build.0 = Release|Any CPU
		{B19603F2-5EB8-47D2-A27B-44A951A307C2}.Ad-Hoc|Any CPU.Deploy.0 = Release|Any CPU
		{B19603F2-5EB8-47D2-A27B-44A951A307C2}.Ad-Hoc|iPhone.ActiveCfg = Debug|Any CPU
		{B19603F2-5EB8-47D2-A27B-44A951A307C2}.Ad-Hoc|iPhone.Build.0 = Debug|Any CPU
		{B19603F2-5EB8-47D2-A27B-44A951A307C2}.Ad-Hoc|iPhoneSimulator.ActiveCfg = Release|Any CPU
		{B19603F2-5EB8-47D2-A27B-44A951A307C2}.Ad-Hoc|iPhoneSimulator.Build.0 = Release|Any CPU
		{B19603F2-5EB8-47D2-A27B-44A951A307C2}.Ad-Hoc|iPhoneSimulator.Deploy.0 = Release|Any CPU
		{B19603F2-5EB8-47D2-A27B-44A951A307C2}.AppStore|Any CPU.ActiveCfg = Release|Any CPU
		{B19603F2-5EB8-47D2-A27B-44A951A307C2}.AppStore|Any CPU.Build.0 = Release|Any CPU
		{B19603F2-5EB8-47D2-A27B-44A951A307C2}.AppStore|Any CPU.Deploy.0 = Release|Any CPU
		{B19603F2-5EB8-47D2-A27B-44A951A307C2}.AppStore|iPhone.ActiveCfg = Debug|Any CPU
		{B19603F2-5EB8-47D2-A27B-44A951A307C2}.AppStore|iPhone.Build.0 = Debug|Any CPU
		{B19603F2-5EB8-47D2-A27B-44A951A307C2}.AppStore|iPhoneSimulator.ActiveCfg = Release|Any CPU
		{B19603F2-5EB8-47D2-A27B-44A951A307C2}.AppStore|iPhoneSimulator.Build.0 = Release|Any CPU
		{B19603F2-5EB8-47D2-A27B-44A951A307C2}.AppStore|iPhoneSimulator.Deploy.0 = Release|Any CPU
		{B19603F2-5EB8-47D2-A27B-44A951A307C2}.Debug|Any CPU.ActiveCfg = Debug|Any CPU
		{B19603F2-5EB8-47D2-A27B-44A951A307C2}.Debug|Any CPU.Build.0 = Debug|Any CPU
		{B19603F2-5EB8-47D2-A27B-44A951A307C2}.Debug|Any CPU.Deploy.0 = Debug|Any CPU
		{B19603F2-5EB8-47D2-A27B-44A951A307C2}.Debug|iPhone.ActiveCfg = Debug|Any CPU
		{B19603F2-5EB8-47D2-A27B-44A951A307C2}.Debug|iPhoneSimulator.ActiveCfg = Debug|Any CPU
		{B19603F2-5EB8-47D2-A27B-44A951A307C2}.Release|Any CPU.ActiveCfg = Release|Any CPU
		{B19603F2-5EB8-47D2-A27B-44A951A307C2}.Release|Any CPU.Build.0 = Release|Any CPU
		{B19603F2-5EB8-47D2-A27B-44A951A307C2}.Release|Any CPU.Deploy.0 = Release|Any CPU
		{B19603F2-5EB8-47D2-A27B-44A951A307C2}.Release|iPhone.ActiveCfg = Release|Any CPU
		{B19603F2-5EB8-47D2-A27B-44A951A307C2}.Release|iPhoneSimulator.ActiveCfg = Release|Any CPU
		{DA86A0BA-24E7-469B-B247-4F8442A7F0B8}.Ad-Hoc|Any CPU.ActiveCfg = Ad-Hoc|iPhoneSimulator
		{DA86A0BA-24E7-469B-B247-4F8442A7F0B8}.Ad-Hoc|iPhone.ActiveCfg = Ad-Hoc|iPhone
		{DA86A0BA-24E7-469B-B247-4F8442A7F0B8}.Ad-Hoc|iPhone.Build.0 = Ad-Hoc|iPhone
		{DA86A0BA-24E7-469B-B247-4F8442A7F0B8}.Ad-Hoc|iPhoneSimulator.ActiveCfg = Ad-Hoc|iPhoneSimulator
		{DA86A0BA-24E7-469B-B247-4F8442A7F0B8}.Ad-Hoc|iPhoneSimulator.Build.0 = Ad-Hoc|iPhoneSimulator
		{DA86A0BA-24E7-469B-B247-4F8442A7F0B8}.AppStore|Any CPU.ActiveCfg = AppStore|iPhoneSimulator
		{DA86A0BA-24E7-469B-B247-4F8442A7F0B8}.AppStore|iPhone.ActiveCfg = AppStore|iPhone
		{DA86A0BA-24E7-469B-B247-4F8442A7F0B8}.AppStore|iPhone.Build.0 = AppStore|iPhone
		{DA86A0BA-24E7-469B-B247-4F8442A7F0B8}.AppStore|iPhoneSimulator.ActiveCfg = AppStore|iPhoneSimulator
		{DA86A0BA-24E7-469B-B247-4F8442A7F0B8}.AppStore|iPhoneSimulator.Build.0 = AppStore|iPhoneSimulator
		{DA86A0BA-24E7-469B-B247-4F8442A7F0B8}.Debug|Any CPU.ActiveCfg = Debug|iPhoneSimulator
		{DA86A0BA-24E7-469B-B247-4F8442A7F0B8}.Debug|iPhone.ActiveCfg = Debug|iPhone
		{DA86A0BA-24E7-469B-B247-4F8442A7F0B8}.Debug|iPhone.Build.0 = Debug|iPhone
		{DA86A0BA-24E7-469B-B247-4F8442A7F0B8}.Debug|iPhoneSimulator.ActiveCfg = Debug|iPhoneSimulator
		{DA86A0BA-24E7-469B-B247-4F8442A7F0B8}.Debug|iPhoneSimulator.Build.0 = Debug|iPhoneSimulator
		{DA86A0BA-24E7-469B-B247-4F8442A7F0B8}.Release|Any CPU.ActiveCfg = Release|iPhoneSimulator
		{DA86A0BA-24E7-469B-B247-4F8442A7F0B8}.Release|iPhone.ActiveCfg = Release|iPhone
		{DA86A0BA-24E7-469B-B247-4F8442A7F0B8}.Release|iPhone.Build.0 = Release|iPhone
		{DA86A0BA-24E7-469B-B247-4F8442A7F0B8}.Release|iPhoneSimulator.ActiveCfg = Release|iPhoneSimulator
		{DA86A0BA-24E7-469B-B247-4F8442A7F0B8}.Release|iPhoneSimulator.Build.0 = Release|iPhoneSimulator
		{6F35C169-2AAC-45FF-B51E-BD808C577BCF}.Ad-Hoc|Any CPU.ActiveCfg = Release|Any CPU
		{6F35C169-2AAC-45FF-B51E-BD808C577BCF}.Ad-Hoc|Any CPU.Build.0 = Release|Any CPU
		{6F35C169-2AAC-45FF-B51E-BD808C577BCF}.Ad-Hoc|iPhone.ActiveCfg = Debug|Any CPU
		{6F35C169-2AAC-45FF-B51E-BD808C577BCF}.Ad-Hoc|iPhone.Build.0 = Debug|Any CPU
		{6F35C169-2AAC-45FF-B51E-BD808C577BCF}.Ad-Hoc|iPhoneSimulator.ActiveCfg = Release|Any CPU
		{6F35C169-2AAC-45FF-B51E-BD808C577BCF}.Ad-Hoc|iPhoneSimulator.Build.0 = Release|Any CPU
		{6F35C169-2AAC-45FF-B51E-BD808C577BCF}.AppStore|Any CPU.ActiveCfg = Release|Any CPU
		{6F35C169-2AAC-45FF-B51E-BD808C577BCF}.AppStore|Any CPU.Build.0 = Release|Any CPU
		{6F35C169-2AAC-45FF-B51E-BD808C577BCF}.AppStore|iPhone.ActiveCfg = Debug|Any CPU
		{6F35C169-2AAC-45FF-B51E-BD808C577BCF}.AppStore|iPhone.Build.0 = Debug|Any CPU
		{6F35C169-2AAC-45FF-B51E-BD808C577BCF}.AppStore|iPhoneSimulator.ActiveCfg = Release|Any CPU
		{6F35C169-2AAC-45FF-B51E-BD808C577BCF}.AppStore|iPhoneSimulator.Build.0 = Release|Any CPU
		{6F35C169-2AAC-45FF-B51E-BD808C577BCF}.Debug|Any CPU.ActiveCfg = Debug|Any CPU
		{6F35C169-2AAC-45FF-B51E-BD808C577BCF}.Debug|Any CPU.Build.0 = Debug|Any CPU
		{6F35C169-2AAC-45FF-B51E-BD808C577BCF}.Debug|iPhone.ActiveCfg = Debug|Any CPU
		{6F35C169-2AAC-45FF-B51E-BD808C577BCF}.Debug|iPhone.Build.0 = Debug|Any CPU
		{6F35C169-2AAC-45FF-B51E-BD808C577BCF}.Debug|iPhoneSimulator.ActiveCfg = Debug|Any CPU
		{6F35C169-2AAC-45FF-B51E-BD808C577BCF}.Debug|iPhoneSimulator.Build.0 = Debug|Any CPU
		{6F35C169-2AAC-45FF-B51E-BD808C577BCF}.Release|Any CPU.ActiveCfg = Release|Any CPU
		{6F35C169-2AAC-45FF-B51E-BD808C577BCF}.Release|Any CPU.Build.0 = Release|Any CPU
		{6F35C169-2AAC-45FF-B51E-BD808C577BCF}.Release|iPhone.ActiveCfg = Release|Any CPU
		{6F35C169-2AAC-45FF-B51E-BD808C577BCF}.Release|iPhone.Build.0 = Release|Any CPU
		{6F35C169-2AAC-45FF-B51E-BD808C577BCF}.Release|iPhoneSimulator.ActiveCfg = Release|Any CPU
		{6F35C169-2AAC-45FF-B51E-BD808C577BCF}.Release|iPhoneSimulator.Build.0 = Release|Any CPU
		{C9DADB2F-D5B6-4F3C-B46B-BA8DFFC0CD3B}.Ad-Hoc|Any CPU.ActiveCfg = Release|Any CPU
		{C9DADB2F-D5B6-4F3C-B46B-BA8DFFC0CD3B}.Ad-Hoc|Any CPU.Build.0 = Release|Any CPU
		{C9DADB2F-D5B6-4F3C-B46B-BA8DFFC0CD3B}.Ad-Hoc|iPhone.ActiveCfg = Debug|Any CPU
		{C9DADB2F-D5B6-4F3C-B46B-BA8DFFC0CD3B}.Ad-Hoc|iPhone.Build.0 = Debug|Any CPU
		{C9DADB2F-D5B6-4F3C-B46B-BA8DFFC0CD3B}.Ad-Hoc|iPhoneSimulator.ActiveCfg = Release|Any CPU
		{C9DADB2F-D5B6-4F3C-B46B-BA8DFFC0CD3B}.Ad-Hoc|iPhoneSimulator.Build.0 = Release|Any CPU
		{C9DADB2F-D5B6-4F3C-B46B-BA8DFFC0CD3B}.AppStore|Any CPU.ActiveCfg = Release|Any CPU
		{C9DADB2F-D5B6-4F3C-B46B-BA8DFFC0CD3B}.AppStore|Any CPU.Build.0 = Release|Any CPU
		{C9DADB2F-D5B6-4F3C-B46B-BA8DFFC0CD3B}.AppStore|iPhone.ActiveCfg = Debug|Any CPU
		{C9DADB2F-D5B6-4F3C-B46B-BA8DFFC0CD3B}.AppStore|iPhone.Build.0 = Debug|Any CPU
		{C9DADB2F-D5B6-4F3C-B46B-BA8DFFC0CD3B}.AppStore|iPhoneSimulator.ActiveCfg = Release|Any CPU
		{C9DADB2F-D5B6-4F3C-B46B-BA8DFFC0CD3B}.AppStore|iPhoneSimulator.Build.0 = Release|Any CPU
		{C9DADB2F-D5B6-4F3C-B46B-BA8DFFC0CD3B}.Debug|Any CPU.ActiveCfg = Debug|Any CPU
		{C9DADB2F-D5B6-4F3C-B46B-BA8DFFC0CD3B}.Debug|Any CPU.Build.0 = Debug|Any CPU
		{C9DADB2F-D5B6-4F3C-B46B-BA8DFFC0CD3B}.Debug|iPhone.ActiveCfg = Debug|Any CPU
		{C9DADB2F-D5B6-4F3C-B46B-BA8DFFC0CD3B}.Debug|iPhone.Build.0 = Debug|Any CPU
		{C9DADB2F-D5B6-4F3C-B46B-BA8DFFC0CD3B}.Debug|iPhoneSimulator.ActiveCfg = Debug|Any CPU
		{C9DADB2F-D5B6-4F3C-B46B-BA8DFFC0CD3B}.Debug|iPhoneSimulator.Build.0 = Debug|Any CPU
		{C9DADB2F-D5B6-4F3C-B46B-BA8DFFC0CD3B}.Release|Any CPU.ActiveCfg = Release|Any CPU
		{C9DADB2F-D5B6-4F3C-B46B-BA8DFFC0CD3B}.Release|Any CPU.Build.0 = Release|Any CPU
		{C9DADB2F-D5B6-4F3C-B46B-BA8DFFC0CD3B}.Release|iPhone.ActiveCfg = Release|Any CPU
		{C9DADB2F-D5B6-4F3C-B46B-BA8DFFC0CD3B}.Release|iPhone.Build.0 = Release|Any CPU
		{C9DADB2F-D5B6-4F3C-B46B-BA8DFFC0CD3B}.Release|iPhoneSimulator.ActiveCfg = Release|Any CPU
		{C9DADB2F-D5B6-4F3C-B46B-BA8DFFC0CD3B}.Release|iPhoneSimulator.Build.0 = Release|Any CPU
		{68867B05-B695-4F1E-9E29-0F38FF72899D}.Ad-Hoc|Any CPU.ActiveCfg = Debug|Any CPU
		{68867B05-B695-4F1E-9E29-0F38FF72899D}.Ad-Hoc|Any CPU.Build.0 = Debug|Any CPU
		{68867B05-B695-4F1E-9E29-0F38FF72899D}.Ad-Hoc|iPhone.ActiveCfg = Debug|Any CPU
		{68867B05-B695-4F1E-9E29-0F38FF72899D}.Ad-Hoc|iPhone.Build.0 = Debug|Any CPU
		{68867B05-B695-4F1E-9E29-0F38FF72899D}.Ad-Hoc|iPhoneSimulator.ActiveCfg = Debug|Any CPU
		{68867B05-B695-4F1E-9E29-0F38FF72899D}.Ad-Hoc|iPhoneSimulator.Build.0 = Debug|Any CPU
		{68867B05-B695-4F1E-9E29-0F38FF72899D}.AppStore|Any CPU.ActiveCfg = Debug|Any CPU
		{68867B05-B695-4F1E-9E29-0F38FF72899D}.AppStore|Any CPU.Build.0 = Debug|Any CPU
		{68867B05-B695-4F1E-9E29-0F38FF72899D}.AppStore|iPhone.ActiveCfg = Debug|Any CPU
		{68867B05-B695-4F1E-9E29-0F38FF72899D}.AppStore|iPhone.Build.0 = Debug|Any CPU
		{68867B05-B695-4F1E-9E29-0F38FF72899D}.AppStore|iPhoneSimulator.ActiveCfg = Debug|Any CPU
		{68867B05-B695-4F1E-9E29-0F38FF72899D}.AppStore|iPhoneSimulator.Build.0 = Debug|Any CPU
		{68867B05-B695-4F1E-9E29-0F38FF72899D}.Debug|Any CPU.ActiveCfg = Debug|Any CPU
		{68867B05-B695-4F1E-9E29-0F38FF72899D}.Debug|Any CPU.Build.0 = Debug|Any CPU
		{68867B05-B695-4F1E-9E29-0F38FF72899D}.Debug|iPhone.ActiveCfg = Debug|Any CPU
		{68867B05-B695-4F1E-9E29-0F38FF72899D}.Debug|iPhone.Build.0 = Debug|Any CPU
		{68867B05-B695-4F1E-9E29-0F38FF72899D}.Debug|iPhoneSimulator.ActiveCfg = Debug|Any CPU
		{68867B05-B695-4F1E-9E29-0F38FF72899D}.Debug|iPhoneSimulator.Build.0 = Debug|Any CPU
		{68867B05-B695-4F1E-9E29-0F38FF72899D}.Release|Any CPU.ActiveCfg = Release|Any CPU
		{68867B05-B695-4F1E-9E29-0F38FF72899D}.Release|Any CPU.Build.0 = Release|Any CPU
		{68867B05-B695-4F1E-9E29-0F38FF72899D}.Release|iPhone.ActiveCfg = Release|Any CPU
		{68867B05-B695-4F1E-9E29-0F38FF72899D}.Release|iPhone.Build.0 = Release|Any CPU
		{68867B05-B695-4F1E-9E29-0F38FF72899D}.Release|iPhoneSimulator.ActiveCfg = Release|Any CPU
		{68867B05-B695-4F1E-9E29-0F38FF72899D}.Release|iPhoneSimulator.Build.0 = Release|Any CPU
	EndGlobalSection
	GlobalSection(SolutionProperties) = preSolution
		HideSolutionNode = FALSE
	EndGlobalSection
	GlobalSection(NestedProjects) = preSolution
		{68867B05-B695-4F1E-9E29-0F38FF72899D} = {B3202021-50E0-4C40-B974-2FBD117A2586}
	EndGlobalSection
	GlobalSection(ExtensibilityGlobals) = postSolution
		SolutionGuid = {6B4EB378-9B12-467C-B4F9-54088B126A1F}
	EndGlobalSection
EndGlobal
